
Microsoft Visual Studio Solution File, Format Version 12.00
# Visual Studio 15
VisualStudioVersion = 15.0.26124.0
MinimumVisualStudioVersion = 15.0.26124.0
Project("{2150E333-8FDC-42A3-9474-1A3956D46DE8}") = "SwapWallet", "SwapWallet", "{47D144DF-A59F-475E-8605-9AAD35DF95A5}"
EndProject
Project("{FAE04EC0-301F-11D3-BF4B-00C04F79EFBC}") = "SwapWallet", "SwapWallet\SwapWallet\SwapWallet.csproj", "{3DFDEF4E-A9D2-4458-946F-1D94AC8B0E4A}"
EndProject
Project("{FAE04EC0-301F-11D3-BF4B-00C04F79EFBC}") = "SwapWalletTests", "SwapWallet\SwapWalletTests\SwapWalletTests.csproj", "{EC9DBCC4-C313-4B02-B55C-BFB073DD8F44}"
EndProject
Project("{2150E333-8FDC-42A3-9474-1A3956D46DE8}") = "Trade", "Trade", "{2266CD9D-26FB-4A01-879D-E669E54BA76A}"
EndProject
Project("{FAE04EC0-301F-11D3-BF4B-00C04F79EFBC}") = "Trade", "Trade\Trade\Trade.csproj", "{1547510C-5644-4576-95E5-D28E532CEDCD}"
EndProject
Project("{FAE04EC0-301F-11D3-BF4B-00C04F79EFBC}") = "TradeTests", "Trade\TradeTests\TradeTests.csproj", "{D71656FB-8660-4B6C-B915-92B0C51FA120}"
EndProject
Global
	GlobalSection(SolutionConfigurationPlatforms) = preSolution
		Debug|Any CPU = Debug|Any CPU
		Debug|x64 = Debug|x64
		Debug|x86 = Debug|x86
		Release|Any CPU = Release|Any CPU
		Release|x64 = Release|x64
		Release|x86 = Release|x86
	EndGlobalSection
	GlobalSection(SolutionProperties) = preSolution
		HideSolutionNode = FALSE
	EndGlobalSection
	GlobalSection(ProjectConfigurationPlatforms) = postSolution
		{3DFDEF4E-A9D2-4458-946F-1D94AC8B0E4A}.Debug|Any CPU.ActiveCfg = Debug|Any CPU
		{3DFDEF4E-A9D2-4458-946F-1D94AC8B0E4A}.Debug|Any CPU.Build.0 = Debug|Any CPU
		{3DFDEF4E-A9D2-4458-946F-1D94AC8B0E4A}.Debug|x64.ActiveCfg = Debug|Any CPU
		{3DFDEF4E-A9D2-4458-946F-1D94AC8B0E4A}.Debug|x64.Build.0 = Debug|Any CPU
		{3DFDEF4E-A9D2-4458-946F-1D94AC8B0E4A}.Debug|x86.ActiveCfg = Debug|Any CPU
		{3DFDEF4E-A9D2-4458-946F-1D94AC8B0E4A}.Debug|x86.Build.0 = Debug|Any CPU
		{3DFDEF4E-A9D2-4458-946F-1D94AC8B0E4A}.Release|Any CPU.ActiveCfg = Release|Any CPU
		{3DFDEF4E-A9D2-4458-946F-1D94AC8B0E4A}.Release|Any CPU.Build.0 = Release|Any CPU
		{3DFDEF4E-A9D2-4458-946F-1D94AC8B0E4A}.Release|x64.ActiveCfg = Release|Any CPU
		{3DFDEF4E-A9D2-4458-946F-1D94AC8B0E4A}.Release|x64.Build.0 = Release|Any CPU
		{3DFDEF4E-A9D2-4458-946F-1D94AC8B0E4A}.Release|x86.ActiveCfg = Release|Any CPU
		{3DFDEF4E-A9D2-4458-946F-1D94AC8B0E4A}.Release|x86.Build.0 = Release|Any CPU
		{EC9DBCC4-C313-4B02-B55C-BFB073DD8F44}.Debug|Any CPU.ActiveCfg = Debug|Any CPU
		{EC9DBCC4-C313-4B02-B55C-BFB073DD8F44}.Debug|Any CPU.Build.0 = Debug|Any CPU
		{EC9DBCC4-C313-4B02-B55C-BFB073DD8F44}.Debug|x64.ActiveCfg = Debug|Any CPU
		{EC9DBCC4-C313-4B02-B55C-BFB073DD8F44}.Debug|x64.Build.0 = Debug|Any CPU
		{EC9DBCC4-C313-4B02-B55C-BFB073DD8F44}.Debug|x86.ActiveCfg = Debug|Any CPU
		{EC9DBCC4-C313-4B02-B55C-BFB073DD8F44}.Debug|x86.Build.0 = Debug|Any CPU
		{EC9DBCC4-C313-4B02-B55C-BFB073DD8F44}.Release|Any CPU.ActiveCfg = Release|Any CPU
		{EC9DBCC4-C313-4B02-B55C-BFB073DD8F44}.Release|Any CPU.Build.0 = Release|Any CPU
		{EC9DBCC4-C313-4B02-B55C-BFB073DD8F44}.Release|x64.ActiveCfg = Release|Any CPU
		{EC9DBCC4-C313-4B02-B55C-BFB073DD8F44}.Release|x64.Build.0 = Release|Any CPU
		{EC9DBCC4-C313-4B02-B55C-BFB073DD8F44}.Release|x86.ActiveCfg = Release|Any CPU
		{EC9DBCC4-C313-4B02-B55C-BFB073DD8F44}.Release|x86.Build.0 = Release|Any CPU
		{1547510C-5644-4576-95E5-D28E532CEDCD}.Debug|Any CPU.ActiveCfg = Debug|Any CPU
		{1547510C-5644-4576-95E5-D28E532CEDCD}.Debug|Any CPU.Build.0 = Debug|Any CPU
		{1547510C-5644-4576-95E5-D28E532CEDCD}.Debug|x64.ActiveCfg = Debug|Any CPU
		{1547510C-5644-4576-95E5-D28E532CEDCD}.Debug|x64.Build.0 = Debug|Any CPU
		{1547510C-5644-4576-95E5-D28E532CEDCD}.Debug|x86.ActiveCfg = Debug|Any CPU
		{1547510C-5644-4576-95E5-D28E532CEDCD}.Debug|x86.Build.0 = Debug|Any CPU
		{1547510C-5644-4576-95E5-D28E532CEDCD}.Release|Any CPU.ActiveCfg = Release|Any CPU
		{1547510C-5644-4576-95E5-D28E532CEDCD}.Release|Any CPU.Build.0 = Release|Any CPU
		{1547510C-5644-4576-95E5-D28E532CEDCD}.Release|x64.ActiveCfg = Release|Any CPU
		{1547510C-5644-4576-95E5-D28E532CEDCD}.Release|x64.Build.0 = Release|Any CPU
		{1547510C-5644-4576-95E5-D28E532CEDCD}.Release|x86.ActiveCfg = Release|Any CPU
		{1547510C-5644-4576-95E5-D28E532CEDCD}.Release|x86.Build.0 = Release|Any CPU
		{D71656FB-8660-4B6C-B915-92B0C51FA120}.Debug|Any CPU.ActiveCfg = Debug|Any CPU
		{D71656FB-8660-4B6C-B915-92B0C51FA120}.Debug|Any CPU.Build.0 = Debug|Any CPU
		{D71656FB-8660-4B6C-B915-92B0C51FA120}.Debug|x64.ActiveCfg = Debug|Any CPU
		{D71656FB-8660-4B6C-B915-92B0C51FA120}.Debug|x64.Build.0 = Debug|Any CPU
		{D71656FB-8660-4B6C-B915-92B0C51FA120}.Debug|x86.ActiveCfg = Debug|Any CPU
		{D71656FB-8660-4B6C-B915-92B0C51FA120}.Debug|x86.Build.0 = Debug|Any CPU
		{D71656FB-8660-4B6C-B915-92B0C51FA120}.Release|Any CPU.ActiveCfg = Release|Any CPU
		{D71656FB-8660-4B6C-B915-92B0C51FA120}.Release|Any CPU.Build.0 = Release|Any CPU
		{D71656FB-8660-4B6C-B915-92B0C51FA120}.Release|x64.ActiveCfg = Release|Any CPU
		{D71656FB-8660-4B6C-B915-92B0C51FA120}.Release|x64.Build.0 = Release|Any CPU
		{D71656FB-8660-4B6C-B915-92B0C51FA120}.Release|x86.ActiveCfg = Release|Any CPU
		{D71656FB-8660-4B6C-B915-92B0C51FA120}.Release|x86.Build.0 = Release|Any CPU
	EndGlobalSection
	GlobalSection(NestedProjects) = preSolution
		{3DFDEF4E-A9D2-4458-946F-1D94AC8B0E4A} = {47D144DF-A59F-475E-8605-9AAD35DF95A5}
		{EC9DBCC4-C313-4B02-B55C-BFB073DD8F44} = {47D144DF-A59F-475E-8605-9AAD35DF95A5}
		{1547510C-5644-4576-95E5-D28E532CEDCD} = {2266CD9D-26FB-4A01-879D-E669E54BA76A}
		{D71656FB-8660-4B6C-B915-92B0C51FA120} = {2266CD9D-26FB-4A01-879D-E669E54BA76A}
	EndGlobalSection
EndGlobal
